<?xml version="1.0" encoding="utf-8"?>
<Project ToolsVersion="4.0" xmlns="http://schemas.microsoft.com/developer/msbuild/2003">
  <ItemGroup>
    <Filter Include="源文件">
      <UniqueIdentifier>{4FC737F1-C7A5-4376-A066-2A32D752A2FF}</UniqueIdentifier>
      <Extensions>cpp;c;cc;cxx;def;odl;idl;hpj;bat;asm;asmx</Extensions>
    </Filter>
    <Filter Include="头文件">
      <UniqueIdentifier>{93995380-89BD-4b04-88EB-625FBE52EBFB}</UniqueIdentifier>
      <Extensions>h;hpp;hxx;hm;inl;inc;xsd</Extensions>
    </Filter>
    <Filter Include="资源文件">
      <UniqueIdentifier>{67DA6AB6-F800-4c08-8B7A-83BB121AAD01}</UniqueIdentifier>
      <Extensions>rc;ico;cur;bmp;dlg;rc2;rct;bin;rgs;gif;jpg;jpeg;jpe;resx;tiff;tif;png;wav</Extensions>
    </Filter>
  </ItemGroup>
  <ItemGroup>
    <ClCompile Include="AppModeThread.cpp">
      <Filter>源文件</Filter>
    </ClCompile>
    <ClCompile Include="IOService.cpp">
      <Filter>源文件</Filter>
    </ClCompile>
    <ClCompile Include="IoUtils.cpp">
      <Filter>源文件</Filter>
    </ClCompile>
    <ClCompile Include="Mutex.cpp">
      <Filter>源文件</Filter>
    </ClCompile>
    <ClCompile Include="networkio.cpp">
      <Filter>源文件</Filter>
    </ClCompile>
    <ClCompile Include="Session.cpp">
      <Filter>源文件</Filter>
    </ClCompile>
    <ClCompile Include="BaseIOThreadWin.cpp">
      <Filter>源文件</Filter>
    </ClCompile>
    <ClCompile Include="UdxTcpHandler.cpp">
      <Filter>源文件</Filter>
    </ClCompile>
    <ClCompile Include="UdxTcpSession.cpp">
      <Filter>源文件</Filter>
    </ClCompile>
    <ClCompile Include="KCPClient.cpp">
      <Filter>源文件</Filter>
    </ClCompile>
    <ClCompile Include="kcpinc.cpp">
      <Filter>源文件</Filter>
    </ClCompile>
    <ClCompile Include="KCPReadThread.cpp">
      <Filter>源文件</Filter>
    </ClCompile>
    <ClCompile Include="KCPServer.cpp">
      <Filter>源文件</Filter>
    </ClCompile>
    <ClCompile Include="KCPWriteThread.cpp">
      <Filter>源文件</Filter>
    </ClCompile>
    <ClCompile Include="..\..\ikcp\ikcp.c">
      <Filter>源文件</Filter>
    </ClCompile>
    <ClCompile Include="TCPWriteThread.cpp">
      <Filter>源文件</Filter>
    </ClCompile>
    <ClCompile Include="TCPReadThread.cpp">
      <Filter>源文件</Filter>
    </ClCompile>
    <ClCompile Include="KCPThread.cpp">
      <Filter>源文件</Filter>
    </ClCompile>
  </ItemGroup>
  <ItemGroup>
    <ClInclude Include="AppModeThread.h">
      <Filter>头文件</Filter>
    </ClInclude>
    <ClInclude Include="common.h">
      <Filter>头文件</Filter>
    </ClInclude>
    <ClInclude Include="IOService.h">
      <Filter>头文件</Filter>
    </ClInclude>
    <ClInclude Include="IoUtils.h">
      <Filter>头文件</Filter>
    </ClInclude>
    <ClInclude Include="..\inc\Mutex.h">
      <Filter>头文件</Filter>
    </ClInclude>
    <ClInclude Include="..\inc\netdef.h">
      <Filter>头文件</Filter>
    </ClInclude>
    <ClInclude Include="..\inc\netfilter.h">
      <Filter>头文件</Filter>
    </ClInclude>
    <ClInclude Include="..\inc\networkio.h">
      <Filter>头文件</Filter>
    </ClInclude>
    <ClInclude Include="Session.h">
      <Filter>头文件</Filter>
    </ClInclude>
    <ClInclude Include="SocketStatus.h">
      <Filter>头文件</Filter>
    </ClInclude>
    <ClInclude Include="BaseIOThreadWin.h">
      <Filter>头文件</Filter>
    </ClInclude>
    <ClInclude Include="IBaseIOThread.h">
      <Filter>头文件</Filter>
    </ClInclude>
    <ClInclude Include="UdxTcpHandler.h">
      <Filter>头文件</Filter>
    </ClInclude>
    <ClInclude Include="UdxTcpSession.h">
      <Filter>头文件</Filter>
    </ClInclude>
    <ClInclude Include="KCPClient.h">
      <Filter>头文件</Filter>
    </ClInclude>
    <ClInclude Include="kcpinc.h">
      <Filter>头文件</Filter>
    </ClInclude>
    <ClInclude Include="KCPReadThread.h">
      <Filter>头文件</Filter>
    </ClInclude>
    <ClInclude Include="KCPServer.h">
      <Filter>头文件</Filter>
    </ClInclude>
    <ClInclude Include="KCPWriteThread.h">
      <Filter>头文件</Filter>
    </ClInclude>
    <ClInclude Include="..\..\ikcp\ikcp.h">
      <Filter>头文件</Filter>
    </ClInclude>
    <ClInclude Include="TCPReadThread.h">
      <Filter>头文件</Filter>
    </ClInclude>
    <ClInclude Include="KCPThread.h">
      <Filter>头文件</Filter>
    </ClInclude>
  </ItemGroup>
</Project>